
Microsoft Visual Studio Solution File, Format Version 12.00
# Visual Studio Version 17
VisualStudioVersion = 17.11.35312.102
MinimumVisualStudioVersion = 10.0.40219.1
Project("{9A19103F-16F7-4668-BE54-9A1E7A4F7556}") = "Stock_Tracking_System", "Stock_Tracking_System\Stock_Tracking_System.csproj", "{DC702635-49E6-42C5-9438-D55D66E5AA8F}"
EndProject
Project("{2150E333-8FDC-42A3-9474-1A3956D46DE8}") = "Solution Items", "Solution Items", "{65AC167D-88A5-4666-9B10-0ABD21672E17}"
	ProjectSection(SolutionItems) = preProject
		.editorconfig = .editorconfig
	EndProjectSection
EndProject
Global
	GlobalSection(SolutionConfigurationPlatforms) = preSolution
		Debug|Any CPU = Debug|Any CPU
		Release|Any CPU = Release|Any CPU
	EndGlobalSection
	GlobalSection(ProjectConfigurationPlatforms) = postSolution
		{DC702635-49E6-42C5-9438-D55D66E5AA8F}.Debug|Any CPU.ActiveCfg = Debug|Any CPU
		{DC702635-49E6-42C5-9438-D55D66E5AA8F}.Debug|Any CPU.Build.0 = Debug|Any CPU
		{DC702635-49E6-42C5-9438-D55D66E5AA8F}.Release|Any CPU.ActiveCfg = Release|Any CPU
		{DC702635-49E6-42C5-9438-D55D66E5AA8F}.Release|Any CPU.Build.0 = Release|Any CPU
	EndGlobalSection
	GlobalSection(SolutionProperties) = preSolution
		HideSolutionNode = FALSE
	EndGlobalSection
	GlobalSection(ExtensibilityGlobals) = postSolution
		SolutionGuid = {E7DBA0A2-D2EC-4686-A055-E78A8FA3A140}
	EndGlobalSection
EndGlobal
